// !$*UTF8*$!
{
	archiveVersion = 1;
	classes = {
	};
	objectVersion = 46;
	objects = {

/* Begin PBXBuildFile section */
		5DE04A9918E87BC700954C2F /* Foundation.framework in Frameworks */ = {isa = PBXBuildFile; fileRef = 5DE04A9818E87BC700954C2F /* Foundation.framework */; };
		5DE04A9B18E87BC700954C2F /* CoreGraphics.framework in Frameworks */ = {isa = PBXBuildFile; fileRef = 5DE04A9A18E87BC700954C2F /* CoreGraphics.framework */; };
		5DE04A9D18E87BC700954C2F /* UIKit.framework in Frameworks */ = {isa = PBXBuildFile; fileRef = 5DE04A9C18E87BC700954C2F /* UIKit.framework */; };
		5DE04AA318E87BC700954C2F /* InfoPlist.strings in Resources */ = {isa = PBXBuildFile; fileRef = 5DE04AA118E87BC700954C2F /* InfoPlist.strings */; };
		5DE04AA518E87BC700954C2F /* main.m in Sources */ = {isa = PBXBuildFile; fileRef = 5DE04AA418E87BC700954C2F /* main.m */; };
		5DE04AA918E87BC700954C2F /* MRAppDelegate.m in Sources */ = {isa = PBXBuildFile; fileRef = 5DE04AA818E87BC700954C2F /* MRAppDelegate.m */; };
		5DE04AAC18E87BC700954C2F /* Main.storyboard in Resources */ = {isa = PBXBuildFile; fileRef = 5DE04AAA18E87BC700954C2F /* Main.storyboard */; };
		5DE04AAF18E87BC700954C2F /* MRViewController.m in Sources */ = {isa = PBXBuildFile; fileRef = 5DE04AAE18E87BC700954C2F /* MRViewController.m */; };
		5DE04AB118E87BC700954C2F /* Images.xcassets in Resources */ = {isa = PBXBuildFile; fileRef = 5DE04AB018E87BC700954C2F /* Images.xcassets */; };
		5DE04AB818E87BC700954C2F /* XCTest.framework in Frameworks */ = {isa = PBXBuildFile; fileRef = 5DE04AB718E87BC700954C2F /* XCTest.framework */; };
		5DE04AB918E87BC700954C2F /* Foundation.framework in Frameworks */ = {isa = PBXBuildFile; fileRef = 5DE04A9818E87BC700954C2F /* Foundation.framework */; };
		5DE04ABA18E87BC700954C2F /* UIKit.framework in Frameworks */ = {isa = PBXBuildFile; fileRef = 5DE04A9C18E87BC700954C2F /* UIKit.framework */; };
		5DE04AC218E87BC700954C2F /* InfoPlist.strings in Resources */ = {isa = PBXBuildFile; fileRef = 5DE04AC018E87BC700954C2F /* InfoPlist.strings */; };
		5DE04AC418E87BC700954C2F /* MrMicoTests.m in Sources */ = {isa = PBXBuildFile; fileRef = 5DE04AC318E87BC700954C2F /* MrMicoTests.m */; };
		5DE04ACE18E88B6F00954C2F /* logo.png in Resources */ = {isa = PBXBuildFile; fileRef = 5DE04ACD18E88B6F00954C2F /* logo.png */; };
		5DE04AD018E89BE800954C2F /* facebook.png in Resources */ = {isa = PBXBuildFile; fileRef = 5DE04ACF18E89BE800954C2F /* facebook.png */; };
/* End PBXBuildFile section */

/* Begin PBXContainerItemProxy section */
		5DE04ABB18E87BC700954C2F /* PBXContainerItemProxy */ = {
			isa = PBXContainerItemProxy;
			containerPortal = 5DE04A8D18E87BC700954C2F /* Project object */;
			proxyType = 1;
			remoteGlobalIDString = 5DE04A9418E87BC700954C2F;
			remoteInfo = MrMico;
		};
/* End PBXContainerItemProxy section */

/* Begin PBXFileReference section */
		5DE04A9518E87BC700954C2F /* MrMico.app */ = {isa = PBXFileReference; explicitFileType = wrapper.application; includeInIndex = 0; path = MrMico.app; sourceTree = BUILT_PRODUCTS_DIR; };
		5DE04A9818E87BC700954C2F /* Foundation.framework */ = {isa = PBXFileReference; lastKnownFileType = wrapper.framework; name = Foundation.framework; path = System/Library/Frameworks/Foundation.framework; sourceTree = SDKROOT; };
		5DE04A9A18E87BC700954C2F /* CoreGraphics.framework */ = {isa = PBXFileReference; lastKnownFileType = wrapper.framework; name = CoreGraphics.framework; path = System/Library/Frameworks/CoreGraphics.framework; sourceTree = SDKROOT; };
		5DE04A9C18E87BC700954C2F /* UIKit.framework */ = {isa = PBXFileReference; lastKnownFileType = wrapper.framework; name = UIKit.framework; path = System/Library/Frameworks/UIKit.framework; sourceTree = SDKROOT; };
		5DE04AA018E87BC700954C2F /* MrMico-Info.plist */ = {isa = PBXFileReference; lastKnownFileType = text.plist.xml; path = "MrMico-Info.plist"; sourceTree = "<group>"; };
		5DE04AA218E87BC700954C2F /* en */ = {isa = PBXFileReference; lastKnownFileType = text.plist.strings; name = en; path = en.lproj/InfoPlist.strings; sourceTree = "<group>"; };
		5DE04AA418E87BC700954C2F /* main.m */ = {isa = PBXFileReference; lastKnownFileType = sourcecode.c.objc; path = main.m; sourceTree = "<group>"; };
		5DE04AA618E87BC700954C2F /* MrMico-Prefix.pch */ = {isa = PBXFileReference; lastKnownFileType = sourcecode.c.h; path = "MrMico-Prefix.pch"; sourceTree = "<group>"; };
		5DE04AA718E87BC700954C2F /* MRAppDelegate.h */ = {isa = PBXFileReference; lastKnownFileType = sourcecode.c.h; path = MRAppDelegate.h; sourceTree = "<group>"; };
		5DE04AA818E87BC700954C2F /* MRAppDelegate.m */ = {isa = PBXFileReference; lastKnownFileType = sourcecode.c.objc; path = MRAppDelegate.m; sourceTree = "<group>"; };
		5DE04AAB18E87BC700954C2F /* Base */ = {isa = PBXFileReference; lastKnownFileType = file.storyboard; name = Base; path = Base.lproj/Main.storyboard; sourceTree = "<group>"; };
		5DE04AAD18E87BC700954C2F /* MRViewController.h */ = {isa = PBXFileReference; lastKnownFileType = sourcecode.c.h; path = MRViewController.h; sourceTree = "<group>"; };
		5DE04AAE18E87BC700954C2F /* MRViewController.m */ = {isa = PBXFileReference; lastKnownFileType = sourcecode.c.objc; path = MRViewController.m; sourceTree = "<group>"; };
		5DE04AB018E87BC700954C2F /* Images.xcassets */ = {isa = PBXFileReference; lastKnownFileType = folder.assetcatalog; path = Images.xcassets; sourceTree = "<group>"; };
		5DE04AB618E87BC700954C2F /* MrMicoTests.xctest */ = {isa = PBXFileReference; explicitFileType = wrapper.cfbundle; includeInIndex = 0; path = MrMicoTests.xctest; sourceTree = BUILT_PRODUCTS_DIR; };
		5DE04AB718E87BC700954C2F /* XCTest.framework */ = {isa = PBXFileReference; lastKnownFileType = wrapper.framework; name = XCTest.framework; path = Library/Frameworks/XCTest.framework; sourceTree = DEVELOPER_DIR; };
		5DE04ABF18E87BC700954C2F /* MrMicoTests-Info.plist */ = {isa = PBXFileReference; lastKnownFileType = text.plist.xml; path = "MrMicoTests-Info.plist"; sourceTree = "<group>"; };
		5DE04AC118E87BC700954C2F /* en */ = {isa = PBXFileReference; lastKnownFileType = text.plist.strings; name = en; path = en.lproj/InfoPlist.strings; sourceTree = "<group>"; };
		5DE04AC318E87BC700954C2F /* MrMicoTests.m */ = {isa = PBXFileReference; lastKnownFileType = sourcecode.c.objc; path = MrMicoTests.m; sourceTree = "<group>"; };
		5DE04ACD18E88B6F00954C2F /* logo.png */ = {isa = PBXFileReference; lastKnownFileType = image.png; name = logo.png; path = ../../../../../Desktop/logo.png; sourceTree = "<group>"; };
		5DE04ACF18E89BE800954C2F /* facebook.png */ = {isa = PBXFileReference; lastKnownFileType = image.png; name = facebook.png; path = ../../../../../Desktop/facebook.png; sourceTree = "<group>"; };
/* End PBXFileReference section */

/* Begin PBXFrameworksBuildPhase section */
		5DE04A9218E87BC700954C2F /* Frameworks */ = {
			isa = PBXFrameworksBuildPhase;
			buildActionMask = 2147483647;
			files = (
				5DE04A9B18E87BC700954C2F /* CoreGraphics.framework in Frameworks */,
				5DE04A9D18E87BC700954C2F /* UIKit.framework in Frameworks */,
				5DE04A9918E87BC700954C2F /* Foundation.framework in Frameworks */,
			);
			runOnlyForDeploymentPostprocessing = 0;
		};
		5DE04AB318E87BC700954C2F /* Frameworks */ = {
			isa = PBXFrameworksBuildPhase;
			buildActionMask = 2147483647;
			files = (
				5DE04AB818E87BC700954C2F /* XCTest.framework in Frameworks */,
				5DE04ABA18E87BC700954C2F /* UIKit.framework in Frameworks */,
				5DE04AB918E87BC700954C2F /* Foundation.framework in Frameworks */,
			);
			runOnlyForDeploymentPostprocessing = 0;
		};
/* End PBXFrameworksBuildPhase section */

/* Begin PBXGroup section */
		5DE04A8C18E87BC700954C2F = {
			isa = PBXGroup;
			children = (
				5DE04A9E18E87BC700954C2F /* MrMico */,
				5DE04ABD18E87BC700954C2F /* MrMicoTests */,
				5DE04A9718E87BC700954C2F /* Frameworks */,
				5DE04A9618E87BC700954C2F /* Products */,
			);
			sourceTree = "<group>";
		};
		5DE04A9618E87BC700954C2F /* Products */ = {
			isa = PBXGroup;
			children = (
				5DE04A9518E87BC700954C2F /* MrMico.app */,
				5DE04AB618E87BC700954C2F /* MrMicoTests.xctest */,
			);
			name = Products;
			sourceTree = "<group>";
		};
		5DE04A9718E87BC700954C2F /* Frameworks */ = {
			isa = PBXGroup;
			children = (
				5DE04A9818E87BC700954C2F /* Foundation.framework */,
				5DE04A9A18E87BC700954C2F /* CoreGraphics.framework */,
				5DE04A9C18E87BC700954C2F /* UIKit.framework */,
				5DE04AB718E87BC700954C2F /* XCTest.framework */,
			);
			name = Frameworks;
			sourceTree = "<group>";
		};
		5DE04A9E18E87BC700954C2F /* MrMico */ = {
			isa = PBXGroup;
			children = (
				5DE04AA718E87BC700954C2F /* MRAppDelegate.h */,
				5DE04AA818E87BC700954C2F /* MRAppDelegate.m */,
				5DE04AAA18E87BC700954C2F /* Main.storyboard */,
				5DE04AAD18E87BC700954C2F /* MRViewController.h */,
				5DE04AAE18E87BC700954C2F /* MRViewController.m */,
				5DE04AB018E87BC700954C2F /* Images.xcassets */,
				5DE04A9F18E87BC700954C2F /* Supporting Files */,
			);
			path = MrMico;
			sourceTree = "<group>";
		};
		5DE04A9F18E87BC700954C2F /* Supporting Files */ = {
			isa = PBXGroup;
			children = (
				5DE04ACD18E88B6F00954C2F /* logo.png */,
				5DE04AA018E87BC700954C2F /* MrMico-Info.plist */,
				5DE04ACF18E89BE800954C2F /* facebook.png */,
				5DE04AA118E87BC700954C2F /* InfoPlist.strings */,
				5DE04AA418E87BC700954C2F /* main.m */,
				5DE04AA618E87BC700954C2F /* MrMico-Prefix.pch */,
			);
			name = "Supporting Files";
			sourceTree = "<group>";
		};
		5DE04ABD18E87BC700954C2F /* MrMicoTests */ = {
			isa = PBXGroup;
			children = (
				5DE04AC318E87BC700954C2F /* MrMicoTests.m */,
				5DE04ABE18E87BC700954C2F /* Supporting Files */,
			);
			path = MrMicoTests;
			sourceTree = "<group>";
		};
		5DE04ABE18E87BC700954C2F /* Supporting Files */ = {
			isa = PBXGroup;
			children = (
				5DE04ABF18E87BC700954C2F /* MrMicoTests-Info.plist */,
				5DE04AC018E87BC700954C2F /* InfoPlist.strings */,
			);
			name = "Supporting Files";
			sourceTree = "<group>";
		};
/* End PBXGroup section */

/* Begin PBXNativeTarget section */
		5DE04A9418E87BC700954C2F /* MrMico */ = {
			isa = PBXNativeTarget;
			buildConfigurationList = 5DE04AC718E87BC700954C2F /* Build configuration list for PBXNativeTarget "MrMico" */;
			buildPhases = (
				5DE04A9118E87BC700954C2F /* Sources */,
				5DE04A9218E87BC700954C2F /* Frameworks */,
				5DE04A9318E87BC700954C2F /* Resources */,
			);
			buildRules = (
			);
			dependencies = (
			);
			name = MrMico;
			productName = MrMico;
			productReference = 5DE04A9518E87BC700954C2F /* MrMico.app */;
			productType = "com.apple.product-type.application";
		};
		5DE04AB518E87BC700954C2F /* MrMicoTests */ = {
			isa = PBXNativeTarget;
			buildConfigurationList = 5DE04ACA18E87BC700954C2F /* Build configuration list for PBXNativeTarget "MrMicoTests" */;
			buildPhases = (
				5DE04AB218E87BC700954C2F /* Sources */,
				5DE04AB318E87BC700954C2F /* Frameworks */,
				5DE04AB418E87BC700954C2F /* Resources */,
			);
			buildRules = (
			);
			dependencies = (
				5DE04ABC18E87BC700954C2F /* PBXTargetDependency */,
			);
			name = MrMicoTests;
			productName = MrMicoTests;
			productReference = 5DE04AB618E87BC700954C2F /* MrMicoTests.xctest */;
			productType = "com.apple.product-type.bundle.unit-test";
		};
/* End PBXNativeTarget section */

/* Begin PBXProject section */
		5DE04A8D18E87BC700954C2F /* Project object */ = {
			isa = PBXProject;
			attributes = {
				CLASSPREFIX = MR;
				LastUpgradeCheck = 0510;
				ORGANIZATIONNAME = "Elton Oliveira";
				TargetAttributes = {
					5DE04AB518E87BC700954C2F = {
						TestTargetID = 5DE04A9418E87BC700954C2F;
					};
				};
			};
			buildConfigurationList = 5DE04A9018E87BC700954C2F /* Build configuration list for PBXProject "MrMico" */;
			compatibilityVersion = "Xcode 3.2";
			developmentRegion = English;
			hasScannedForEncodings = 0;
			knownRegions = (
				en,
				Base,
			);
			mainGroup = 5DE04A8C18E87BC700954C2F;
			productRefGroup = 5DE04A9618E87BC700954C2F /* Products */;
			projectDirPath = "";
			projectRoot = "";
			targets = (
				5DE04A9418E87BC700954C2F /* MrMico */,
				5DE04AB518E87BC700954C2F /* MrMicoTests */,
			);
		};
/* End PBXProject section */

/* Begin PBXResourcesBuildPhase section */
		5DE04A9318E87BC700954C2F /* Resources */ = {
			isa = PBXResourcesBuildPhase;
			buildActionMask = 2147483647;
			files = (
				5DE04ACE18E88B6F00954C2F /* logo.png in Resources */,
				5DE04AB118E87BC700954C2F /* Images.xcassets in Resources */,
				5DE04AD018E89BE800954C2F /* facebook.png in Resources */,
				5DE04AA318E87BC700954C2F /* InfoPlist.strings in Resources */,
				5DE04AAC18E87BC700954C2F /* Main.storyboard in Resources */,
			);
			runOnlyForDeploymentPostprocessing = 0;
		};
		5DE04AB418E87BC700954C2F /* Resources */ = {
			isa = PBXResourcesBuildPhase;
			buildActionMask = 2147483647;
			files = (
				5DE04AC218E87BC700954C2F /* InfoPlist.strings in Resources */,
			);
			runOnlyForDeploymentPostprocessing = 0;
		};
/* End PBXResourcesBuildPhase section */

/* Begin PBXSourcesBuildPhase section */
		5DE04A9118E87BC700954C2F /* Sources */ = {
			isa = PBXSourcesBuildPhase;
			buildActionMask = 2147483647;
			files = (
				5DE04AA518E87BC700954C2F /* main.m in Sources */,
				5DE04AAF18E87BC700954C2F /* MRViewController.m in Sources */,
				5DE04AA918E87BC700954C2F /* MRAppDelegate.m in Sources */,
			);
			runOnlyForDeploymentPostprocessing = 0;
		};
		5DE04AB218E87BC700954C2F /* Sources */ = {
			isa = PBXSourcesBuildPhase;
			buildActionMask = 2147483647;
			files = (
				5DE04AC418E87BC700954C2F /* MrMicoTests.m in Sources */,
			);
			runOnlyForDeploymentPostprocessing = 0;
		};
/* End PBXSourcesBuildPhase section */

/* Begin PBXTargetDependency section */
		5DE04ABC18E87BC700954C2F /* PBXTargetDependency */ = {
			isa = PBXTargetDependency;
			target = 5DE04A9418E87BC700954C2F /* MrMico */;
			targetProxy = 5DE04ABB18E87BC700954C2F /* PBXContainerItemProxy */;
		};
/* End PBXTargetDependency section */

/* Begin PBXVariantGroup section */
		5DE04AA118E87BC700954C2F /* InfoPlist.strings */ = {
			isa = PBXVariantGroup;
			children = (
				5DE04AA218E87BC700954C2F /* en */,
			);
			name = InfoPlist.strings;
			sourceTree = "<group>";
		};
		5DE04AAA18E87BC700954C2F /* Main.storyboard */ = {
			isa = PBXVariantGroup;
			children = (
				5DE04AAB18E87BC700954C2F /* Base */,
			);
			name = Main.storyboard;
			sourceTree = "<group>";
		};
		5DE04AC018E87BC700954C2F /* InfoPlist.strings */ = {
			isa = PBXVariantGroup;
			children = (
				5DE04AC118E87BC700954C2F /* en */,
			);
			name = InfoPlist.strings;
			sourceTree = "<group>";
		};
/* End PBXVariantGroup section */

/* Begin XCBuildConfiguration section */
		5DE04AC518E87BC700954C2F /* Debug */ = {
			isa = XCBuildConfiguration;
			buildSettings = {
				ALWAYS_SEARCH_USER_PATHS = NO;
				CLANG_CXX_LANGUAGE_STANDARD = "gnu++0x";
				CLANG_CXX_LIBRARY = "libc++";
				CLANG_ENABLE_MODULES = YES;
				CLANG_ENABLE_OBJC_ARC = YES;
				CLANG_WARN_BOOL_CONVERSION = YES;
				CLANG_WARN_CONSTANT_CONVERSION = YES;
				CLANG_WARN_DIRECT_OBJC_ISA_USAGE = YES_ERROR;
				CLANG_WARN_EMPTY_BODY = YES;
				CLANG_WARN_ENUM_CONVERSION = YES;
				CLANG_WARN_INT_CONVERSION = YES;
				CLANG_WARN_OBJC_ROOT_CLASS = YES_ERROR;
				CLANG_WARN__DUPLICATE_METHOD_MATCH = YES;
				"CODE_SIGN_IDENTITY[sdk=iphoneos*]" = "iPhone Developer";
				COPY_PHASE_STRIP = NO;
				GCC_C_LANGUAGE_STANDARD = gnu99;
				GCC_DYNAMIC_NO_PIC = NO;
				GCC_OPTIMIZATION_LEVEL = 0;
				GCC_PREPROCESSOR_DEFINITIONS = (
					"DEBUG=1",
					"$(inherited)",
				);
				GCC_SYMBOLS_PRIVATE_EXTERN = NO;
				GCC_WARN_64_TO_32_BIT_CONVERSION = YES;
				GCC_WARN_ABOUT_RETURN_TYPE = YES_ERROR;
				GCC_WARN_UNDECLARED_SELECTOR = YES;
				GCC_WARN_UNINITIALIZED_AUTOS = YES_AGGRESSIVE;
				GCC_WARN_UNUSED_FUNCTION = YES;
				GCC_WARN_UNUSED_VARIABLE = YES;
				IPHONEOS_DEPLOYMENT_TARGET = 7.1;
				ONLY_ACTIVE_ARCH = YES;
				SDKROOT = iphoneos;
			};
			name = Debug;
		};
		5DE04AC618E87BC700954C2F /* Release */ = {
			isa = XCBuildConfiguration;
			buildSettings = {
				ALWAYS_SEARCH_USER_PATHS = NO;
				CLANG_CXX_LANGUAGE_STANDARD = "gnu++0x";
				CLANG_CXX_LIBRARY = "libc++";
				CLANG_ENABLE_MODULES = YES;
				CLANG_ENABLE_OBJC_ARC = YES;
				CLANG_WARN_BOOL_CONVERSION = YES;
				CLANG_WARN_CONSTANT_CONVERSION = YES;
				CLANG_WARN_DIRECT_OBJC_ISA_USAGE = YES_ERROR;
				CLANG_WARN_EMPTY_BODY = YES;
				CLANG_WARN_ENUM_CONVERSION = YES;
				CLANG_WARN_INT_CONVERSION = YES;
				CLANG_WARN_OBJC_ROOT_CLASS = YES_ERROR;
				CLANG_WARN__DUPLICATE_METHOD_MATCH = YES;
				"CODE_SIGN_IDENTITY[sdk=iphoneos*]" = "iPhone Developer";
				COPY_PHASE_STRIP = YES;
				ENABLE_NS_ASSERTIONS = NO;
				GCC_C_LANGUAGE_STANDARD = gnu99;
				GCC_WARN_64_TO_32_BIT_CONVERSION = YES;
				GCC_WARN_ABOUT_RETURN_TYPE = YES_ERROR;
				GCC_WARN_UNDECLARED_SELECTOR = YES;
				GCC_WARN_UNINITIALIZED_AUTOS = YES_AGGRESSIVE;
				GCC_WARN_UNUSED_FUNCTION = YES;
				GCC_WARN_UNUSED_VARIABLE = YES;
				IPHONEOS_DEPLOYMENT_TARGET = 7.1;
				SDKROOT = iphoneos;
				VALIDATE_PRODUCT = YES;
			};
			name = Release;
		};
		5DE04AC818E87BC700954C2F /* Debug */ = {
			isa = XCBuildConfiguration;
			buildSettings = {
				ASSETCATALOG_COMPILER_APPICON_NAME = AppIcon;
				ASSETCATALOG_COMPILER_LAUNCHIMAGE_NAME = LaunchImage;
				GCC_PRECOMPILE_PREFIX_HEADER = YES;
				GCC_PREFIX_HEADER = "MrMico/MrMico-Prefix.pch";
				INFOPLIST_FILE = "MrMico/MrMico-Info.plist";
				PRODUCT_NAME = "$(TARGET_NAME)";
				TARGETED_DEVICE_FAMILY = 1;
				WRAPPER_EXTENSION = app;
			};
			name = Debug;
		};
		5DE04AC918E87BC700954C2F /* Release */ = {
			isa = XCBuildConfiguration;
			buildSettings = {
				ASSETCATALOG_COMPILER_APPICON_NAME = AppIcon;
				ASSETCATALOG_COMPILER_LAUNCHIMAGE_NAME = LaunchImage;
				GCC_PRECOMPILE_PREFIX_HEADER = YES;
				GCC_PREFIX_HEADER = "MrMico/MrMico-Prefix.pch";
				INFOPLIST_FILE = "MrMico/MrMico-Info.plist";
				PRODUCT_NAME = "$(TARGET_NAME)";
				TARGETED_DEVICE_FAMILY = 1;
				WRAPPER_EXTENSION = app;
			};
			name = Release;
		};
		5DE04ACB18E87BC700954C2F /* Debug */ = {
			isa = XCBuildConfiguration;
			buildSettings = {
				BUNDLE_LOADER = "$(BUILT_PRODUCTS_DIR)/MrMico.app/MrMico";
				FRAMEWORK_SEARCH_PATHS = (
					"$(SDKROOT)/Developer/Library/Frameworks",
					"$(inherited)",
					"$(DEVELOPER_FRAMEWORKS_DIR)",
				);
				GCC_PRECOMPILE_PREFIX_HEADER = YES;
				GCC_PREFIX_HEADER = "MrMico/MrMico-Prefix.pch";
				GCC_PREPROCESSOR_DEFINITIONS = (
					"DEBUG=1",
					"$(inherited)",
				);
				INFOPLIST_FILE = "MrMicoTests/MrMicoTests-Info.plist";
				PRODUCT_NAME = "$(TARGET_NAME)";
				TEST_HOST = "$(BUNDLE_LOADER)";
				WRAPPER_EXTENSION = xctest;
			};
			name = Debug;
		};
		5DE04ACC18E87BC700954C2F /* Release */ = {
			isa = XCBuildConfiguration;
			buildSettings = {
				BUNDLE_LOADER = "$(BUILT_PRODUCTS_DIR)/MrMico.app/MrMico";
				FRAMEWORK_SEARCH_PATHS = (
					"$(SDKROOT)/Developer/Library/Frameworks",
					"$(inherited)",
					"$(DEVELOPER_FRAMEWORKS_DIR)",
				);
				GCC_PRECOMPILE_PREFIX_HEADER = YES;
				GCC_PREFIX_HEADER = "MrMico/MrMico-Prefix.pch";
				INFOPLIST_FILE = "MrMicoTests/MrMicoTests-Info.plist";
				PRODUCT_NAME = "$(TARGET_NAME)";
				TEST_HOST = "$(BUNDLE_LOADER)";
				WRAPPER_EXTENSION = xctest;
			};
			name = Release;
		};
/* End XCBuildConfiguration section */

/* Begin XCConfigurationList section */
		5DE04A9018E87BC700954C2F /* Build configuration list for PBXProject "MrMico" */ = {
			isa = XCConfigurationList;
			buildConfigurations = (
				5DE04AC518E87BC700954C2F /* Debug */,
				5DE04AC618E87BC700954C2F /* Release */,
			);
			defaultConfigurationIsVisible = 0;
			defaultConfigurationName = Release;
		};
		5DE04AC718E87BC700954C2F /* Build configuration list for PBXNativeTarget "MrMico" */ = {
			isa = XCConfigurationList;
			buildConfigurations = (
				5DE04AC818E87BC700954C2F /* Debug */,
				5DE04AC918E87BC700954C2F /* Release */,
			);
			defaultConfigurationIsVisible = 0;
			defaultConfigurationName = Release;
		};
		5DE04ACA18E87BC700954C2F /* Build configuration list for PBXNativeTarget "MrMicoTests" */ = {
			isa = XCConfigurationList;
			buildConfigurations = (
				5DE04ACB18E87BC700954C2F /* Debug */,
				5DE04ACC18E87BC700954C2F /* Release */,
			);
			defaultConfigurationIsVisible = 0;
			defaultConfigurationName = Release;
		};
/* End XCConfigurationList section */
	};
	rootObject = 5DE04A8D18E87BC700954C2F /* Project object */;
}
